
Microsoft Visual Studio Solution File, Format Version 12.00
# Visual Studio 15
VisualStudioVersion = 15.0.27703.2035
MinimumVisualStudioVersion = 10.0.40219.1
Project("{FAE04EC0-301F-11D3-BF4B-00C04F79EFBC}") = "web1", "web1\web1.csproj", "{4AC8688C-CB59-45B5-895D-F0C35020999D}"
EndProject
Global
	GlobalSection(SolutionConfigurationPlatforms) = preSolution
		Debug|Any CPU = Debug|Any CPU
		Release|Any CPU = Release|Any CPU
	EndGlobalSection
	GlobalSection(ProjectConfigurationPlatforms) = postSolution
		{4AC8688C-CB59-45B5-895D-F0C35020999D}.Debug|Any CPU.ActiveCfg = Debug|Any CPU
		{4AC8688C-CB59-45B5-895D-F0C35020999D}.Debug|Any CPU.Build.0 = Debug|Any CPU
		{4AC8688C-CB59-45B5-895D-F0C35020999D}.Release|Any CPU.ActiveCfg = Release|Any CPU
		{4AC8688C-CB59-45B5-895D-F0C35020999D}.Release|Any CPU.Build.0 = Release|Any CPU
	EndGlobalSection
	GlobalSection(SolutionProperties) = preSolution
		HideSolutionNode = FALSE
	EndGlobalSection
	GlobalSection(ExtensibilityGlobals) = postSolution
		SolutionGuid = {B86DDFE9-E217-4D42-B039-87A67BD072F6}
	EndGlobalSection
EndGlobal
